
Microsoft Visual Studio Solution File, Format Version 12.00
# Visual Studio Version 16
VisualStudioVersion = 16.0.30907.101
MinimumVisualStudioVersion = 10.0.40219.1
Project("{FAE04EC0-301F-11D3-BF4B-00C04F79EFBC}") = "GraphLab1", "GraphLab1\GraphLab1.csproj", "{CF0C7C68-D80E-4856-8DA6-7AAB1AA92414}"
EndProject
Global
	GlobalSection(SolutionConfigurationPlatforms) = preSolution
		Debug|Any CPU = Debug|Any CPU
		Release|Any CPU = Release|Any CPU
	EndGlobalSection
	GlobalSection(ProjectConfigurationPlatforms) = postSolution
		{CF0C7C68-D80E-4856-8DA6-7AAB1AA92414}.Debug|Any CPU.ActiveCfg = Debug|Any CPU
		{CF0C7C68-D80E-4856-8DA6-7AAB1AA92414}.Debug|Any CPU.Build.0 = Debug|Any CPU
		{CF0C7C68-D80E-4856-8DA6-7AAB1AA92414}.Release|Any CPU.ActiveCfg = Release|Any CPU
		{CF0C7C68-D80E-4856-8DA6-7AAB1AA92414}.Release|Any CPU.Build.0 = Release|Any CPU
	EndGlobalSection
	GlobalSection(SolutionProperties) = preSolution
		HideSolutionNode = FALSE
	EndGlobalSection
	GlobalSection(ExtensibilityGlobals) = postSolution
		SolutionGuid = {741D5E9C-1AC9-4596-B1B3-661495B75B29}
	EndGlobalSection
EndGlobal
